
Microsoft Visual Studio Solution File, Format Version 12.00
# Visual Studio Version 17
VisualStudioVersion = 17.9.34728.123
MinimumVisualStudioVersion = 10.0.40219.1
Project("{FAE04EC0-301F-11D3-BF4B-00C04F79EFBC}") = "ShootMeUp", "WindowsFormsApp1\ShootMeUp.csproj", "{B0693F1F-7198-489F-8855-CAE18BBBEFBE}"
EndProject
Global
	GlobalSection(SolutionConfigurationPlatforms) = preSolution
		Debug|Any CPU = Debug|Any CPU
		Release|Any CPU = Release|Any CPU
	EndGlobalSection
	GlobalSection(ProjectConfigurationPlatforms) = postSolution
		{B0693F1F-7198-489F-8855-CAE18BBBEFBE}.Debug|Any CPU.ActiveCfg = Debug|Any CPU
		{B0693F1F-7198-489F-8855-CAE18BBBEFBE}.Debug|Any CPU.Build.0 = Debug|Any CPU
		{B0693F1F-7198-489F-8855-CAE18BBBEFBE}.Release|Any CPU.ActiveCfg = Release|Any CPU
		{B0693F1F-7198-489F-8855-CAE18BBBEFBE}.Release|Any CPU.Build.0 = Release|Any CPU
	EndGlobalSection
	GlobalSection(SolutionProperties) = preSolution
		HideSolutionNode = FALSE
	EndGlobalSection
	GlobalSection(ExtensibilityGlobals) = postSolution
		SolutionGuid = {F3901528-1FF0-41CA-8DD4-01E87378924A}
	EndGlobalSection
EndGlobal
